// !$*UTF8*$!
{
	archiveVersion = 1;
	classes = {
	};
	objectVersion = 56;
	objects = {

/* Begin PBXBuildFile section */
		515A97472BB4210E007F4423 /* UITextField Extension.swift in Sources */ = {isa = PBXBuildFile; fileRef = 515A97462BB4210E007F4423 /* UITextField Extension.swift */; };
		515A97492BB458B6007F4423 /* UIButton Extension.swift in Sources */ = {isa = PBXBuildFile; fileRef = 515A97482BB458B6007F4423 /* UIButton Extension.swift */; };
		515A974B2BB48EF8007F4423 /* SignUpVC.swift in Sources */ = {isa = PBXBuildFile; fileRef = 515A974A2BB48EF8007F4423 /* SignUpVC.swift */; };
		515A974E2BB497CC007F4423 /* ProfileViewController.swift in Sources */ = {isa = PBXBuildFile; fileRef = 515A974D2BB497CC007F4423 /* ProfileViewController.swift */; };
		515A97502BB57A7D007F4423 /* GoogleService-Info.plist in Resources */ = {isa = PBXBuildFile; fileRef = 515A974F2BB57A7D007F4423 /* GoogleService-Info.plist */; };
		5174DD2F2BAAA58100D4A660 /* MyCollectionViewCell.swift in Sources */ = {isa = PBXBuildFile; fileRef = 5174DD2E2BAAA58100D4A660 /* MyCollectionViewCell.swift */; };
		5174DD322BAEE92600D4A660 /* OnboardingRouter.swift in Sources */ = {isa = PBXBuildFile; fileRef = 5174DD312BAEE92600D4A660 /* OnboardingRouter.swift */; };
		5D41A2F42BA9E79700135E7D /* CategoriesCustomCell.swift in Sources */ = {isa = PBXBuildFile; fileRef = 5D41A2F32BA9E79700135E7D /* CategoriesCustomCell.swift */; };
		5D41A2F62BA9EADF00135E7D /* PopularCustomCell.swift in Sources */ = {isa = PBXBuildFile; fileRef = 5D41A2F52BA9EADF00135E7D /* PopularCustomCell.swift */; };
		5D41A2F82BA9EEA700135E7D /* RecommendedCustomCell.swift in Sources */ = {isa = PBXBuildFile; fileRef = 5D41A2F72BA9EEA700135E7D /* RecommendedCustomCell.swift */; };
		5D41A2FB2BA9F11F00135E7D /* RecommendedModel.swift in Sources */ = {isa = PBXBuildFile; fileRef = 5D41A2FA2BA9F11F00135E7D /* RecommendedModel.swift */; };
		5D41A2FD2BA9F72C00135E7D /* CustomHeader.swift in Sources */ = {isa = PBXBuildFile; fileRef = 5D41A2FC2BA9F72C00135E7D /* CustomHeader.swift */; };
		5D41A2FF2BAAB1A300135E7D /* RecommendedCustomHeader.swift in Sources */ = {isa = PBXBuildFile; fileRef = 5D41A2FE2BAAB1A300135E7D /* RecommendedCustomHeader.swift */; };
		5D41A3012BAAB99600135E7D /* Section.swift in Sources */ = {isa = PBXBuildFile; fileRef = 5D41A3002BAAB99600135E7D /* Section.swift */; };
		B686C0C52BB2B43100CF1474 /* UIButton Extension.swift in Sources */ = {isa = PBXBuildFile; fileRef = B686C0C42BB2B43100CF1474 /* UIButton Extension.swift */; };
		B686C0C72BB2D90000CF1474 /* CategoriesModuleBuilder.swift in Sources */ = {isa = PBXBuildFile; fileRef = B686C0C62BB2D8FF00CF1474 /* CategoriesModuleBuilder.swift */; };
		B686C0CC2BB315EA00CF1474 /* UIStackView Extension§.swift in Sources */ = {isa = PBXBuildFile; fileRef = B686C0CB2BB315EA00CF1474 /* UIStackView Extension§.swift */; };
		B695B1B52BA8654F00BE49CA /* NetworkManager.swift in Sources */ = {isa = PBXBuildFile; fileRef = B695B1B42BA8654F00BE49CA /* NetworkManager.swift */; };
		B695B1B72BA865B800BE49CA /* Endpoint.swift in Sources */ = {isa = PBXBuildFile; fileRef = B695B1B62BA865B800BE49CA /* Endpoint.swift */; };
		B695B1BA2BA879F100BE49CA /* Structs.swift in Sources */ = {isa = PBXBuildFile; fileRef = B695B1B92BA879F100BE49CA /* Structs.swift */; };
		B695B1BE2BA8830700BE49CA /* SnapKit in Frameworks */ = {isa = PBXBuildFile; productRef = B695B1BD2BA8830700BE49CA /* SnapKit */; };
		B695B1C02BAACC9E00BE49CA /* NetworkErrors.swift in Sources */ = {isa = PBXBuildFile; fileRef = B695B1BF2BAACC9D00BE49CA /* NetworkErrors.swift */; };
		D094A2C32BAAD10500FFEB5E /* BookmarkCell.swift in Sources */ = {isa = PBXBuildFile; fileRef = D094A2C22BAAD10500FFEB5E /* BookmarkCell.swift */; };
		D094A2C52BAB033E00FFEB5E /* EmptyView.swift in Sources */ = {isa = PBXBuildFile; fileRef = D094A2C42BAB033E00FFEB5E /* EmptyView.swift */; };
		D094A2C72BAB99FC00FFEB5E /* (null) in Frameworks */ = {isa = PBXBuildFile; };
		F48366142BA741CE00751B4A /* AppDelegate.swift in Sources */ = {isa = PBXBuildFile; fileRef = F48366132BA741CE00751B4A /* AppDelegate.swift */; };
		F48366162BA741CE00751B4A /* SceneDelegate.swift in Sources */ = {isa = PBXBuildFile; fileRef = F48366152BA741CE00751B4A /* SceneDelegate.swift */; };
		F48366182BA741CE00751B4A /* ViewController.swift in Sources */ = {isa = PBXBuildFile; fileRef = F48366172BA741CE00751B4A /* ViewController.swift */; };
		F483661D2BA741D000751B4A /* Assets.xcassets in Resources */ = {isa = PBXBuildFile; fileRef = F483661C2BA741D000751B4A /* Assets.xcassets */; };
		F48366202BA741D000751B4A /* Base in Resources */ = {isa = PBXBuildFile; fileRef = F483661F2BA741D000751B4A /* Base */; };
		F48366292BA749DA00751B4A /* UILabel Extension.swift in Sources */ = {isa = PBXBuildFile; fileRef = F48366282BA749DA00751B4A /* UILabel Extension.swift */; };
		F483662C2BA74AEF00751B4A /* UIColor Extension.swift in Sources */ = {isa = PBXBuildFile; fileRef = F483662B2BA74AEF00751B4A /* UIColor Extension.swift */; };
		F483662E2BA74C6C00751B4A /* UIFont Extension.swift in Sources */ = {isa = PBXBuildFile; fileRef = F483662D2BA74C6C00751B4A /* UIFont Extension.swift */; };
		F48366352BA74DE400751B4A /* Inter-SemiBold.ttf in Resources */ = {isa = PBXBuildFile; fileRef = F48366312BA74DE400751B4A /* Inter-SemiBold.ttf */; };
		F48366362BA74DE400751B4A /* Inter-Medium.ttf in Resources */ = {isa = PBXBuildFile; fileRef = F48366322BA74DE400751B4A /* Inter-Medium.ttf */; };
		F48366372BA74DE400751B4A /* Inter-Regular.ttf in Resources */ = {isa = PBXBuildFile; fileRef = F48366332BA74DE400751B4A /* Inter-Regular.ttf */; };
		F48366382BA74DE400751B4A /* Inter-Bold.ttf in Resources */ = {isa = PBXBuildFile; fileRef = F48366342BA74DE400751B4A /* Inter-Bold.ttf */; };
		F48366412BA7523100751B4A /* UIView Extension.swift in Sources */ = {isa = PBXBuildFile; fileRef = F48366402BA7523100751B4A /* UIView Extension.swift */; };
		F48366432BA752AB00751B4A /* UIViewController Extension.swift in Sources */ = {isa = PBXBuildFile; fileRef = F48366422BA752AB00751B4A /* UIViewController Extension.swift */; };
		F48366502BA7593300751B4A /* API.swift in Sources */ = {isa = PBXBuildFile; fileRef = F483664F2BA7593300751B4A /* API.swift */; };
		F48366562BA768EF00751B4A /* HomePresenter.swift in Sources */ = {isa = PBXBuildFile; fileRef = F48366552BA768EF00751B4A /* HomePresenter.swift */; };
		F48366582BA768FA00751B4A /* HomeViewController.swift in Sources */ = {isa = PBXBuildFile; fileRef = F48366572BA768FA00751B4A /* HomeViewController.swift */; };
		F48366612BA7699100751B4A /* DetailsPresenter.swift in Sources */ = {isa = PBXBuildFile; fileRef = F48366602BA7699100751B4A /* DetailsPresenter.swift */; };
		F48366632BA769C200751B4A /* ProfilePresenter.swift in Sources */ = {isa = PBXBuildFile; fileRef = F48366622BA769C200751B4A /* ProfilePresenter.swift */; };
		F48366652BA769DA00751B4A /* BookmarksPresenter.swift in Sources */ = {isa = PBXBuildFile; fileRef = F48366642BA769DA00751B4A /* BookmarksPresenter.swift */; };
		F48366672BA769F400751B4A /* CategoriesPresenter.swift in Sources */ = {isa = PBXBuildFile; fileRef = F48366662BA769F400751B4A /* CategoriesPresenter.swift */; };
		F483666D2BA76A5E00751B4A /* CategoriesViewController.swift in Sources */ = {isa = PBXBuildFile; fileRef = F483666C2BA76A5E00751B4A /* CategoriesViewController.swift */; };
		F483666F2BA76AB500751B4A /* BookmarksViewController.swift in Sources */ = {isa = PBXBuildFile; fileRef = F483666E2BA76AB500751B4A /* BookmarksViewController.swift */; };
		F48366712BA76AE300751B4A /* SignInVC.swift in Sources */ = {isa = PBXBuildFile; fileRef = F48366702BA76AE300751B4A /* SignInVC.swift */; };
		F48366732BA76B1B00751B4A /* DetailsViewController.swift in Sources */ = {isa = PBXBuildFile; fileRef = F48366722BA76B1B00751B4A /* DetailsViewController.swift */; };
		F48366752BA76BC000751B4A /* CategoriesModel.swift in Sources */ = {isa = PBXBuildFile; fileRef = F48366742BA76BC000751B4A /* CategoriesModel.swift */; };
		F48366792BA76BEB00751B4A /* BookmarksModel.swift in Sources */ = {isa = PBXBuildFile; fileRef = F48366782BA76BEB00751B4A /* BookmarksModel.swift */; };
		F483667C2BA76C0200751B4A /* ProfileModel.swift in Sources */ = {isa = PBXBuildFile; fileRef = F483667B2BA76C0200751B4A /* ProfileModel.swift */; };
		F483667F2BA76C3300751B4A /* DetailsModel.swift in Sources */ = {isa = PBXBuildFile; fileRef = F483667E2BA76C3300751B4A /* DetailsModel.swift */; };
		F48366812BA76C9000751B4A /* OnboardingVC.swift in Sources */ = {isa = PBXBuildFile; fileRef = F48366802BA76C9000751B4A /* OnboardingVC.swift */; };
		F48366832BA76CB700751B4A /* LoginVC.swift in Sources */ = {isa = PBXBuildFile; fileRef = F48366822BA76CB700751B4A /* LoginVC.swift */; };
		F4A5935B2BB1E2B100F923BB /* UserDefaultsManager.swift in Sources */ = {isa = PBXBuildFile; fileRef = F4A5935A2BB1E2B100F923BB /* UserDefaultsManager.swift */; };
		F4A593722BB47BB800F923BB /* SearchArticlesViewController.swift in Sources */ = {isa = PBXBuildFile; fileRef = F4A593712BB47BB800F923BB /* SearchArticlesViewController.swift */; };
		F4A593742BB47BCA00F923BB /* SearchCell.swift in Sources */ = {isa = PBXBuildFile; fileRef = F4A593732BB47BCA00F923BB /* SearchCell.swift */; };
		F4A593762BB47BE200F923BB /* SearchPresenter.swift in Sources */ = {isa = PBXBuildFile; fileRef = F4A593752BB47BE200F923BB /* SearchPresenter.swift */; };
		F4A593782BB47BF600F923BB /* SearchModel.swift in Sources */ = {isa = PBXBuildFile; fileRef = F4A593772BB47BF600F923BB /* SearchModel.swift */; };
		F4A593A12BB4EE3400F923BB /* Constants.swift in Sources */ = {isa = PBXBuildFile; fileRef = F4A593A02BB4EE3400F923BB /* Constants.swift */; };
		F4A593A32BB4EE4900F923BB /* Errors.swift in Sources */ = {isa = PBXBuildFile; fileRef = F4A593A22BB4EE4900F923BB /* Errors.swift */; };
		F4A593A62BB4EEDE00F923BB /* Module Builder.swift in Sources */ = {isa = PBXBuildFile; fileRef = F4A593A52BB4EEDE00F923BB /* Module Builder.swift */; };
		F4A593A92BB4F01200F923BB /* ImageCache.swift in Sources */ = {isa = PBXBuildFile; fileRef = F4A593A82BB4F01200F923BB /* ImageCache.swift */; };
		F4A593AB2BB4F04B00F923BB /* UIImageView Extension.swift in Sources */ = {isa = PBXBuildFile; fileRef = F4A593AA2BB4F04B00F923BB /* UIImageView Extension.swift */; };
		F4F78CA72BAC816600EB1569 /* AppFactory.swift in Sources */ = {isa = PBXBuildFile; fileRef = F4F78CA62BAC816600EB1569 /* AppFactory.swift */; };
		F4F78CA92BAC818500EB1569 /* RootRouter.swift in Sources */ = {isa = PBXBuildFile; fileRef = F4F78CA82BAC818500EB1569 /* RootRouter.swift */; };
		F4F78CAB2BAC876700EB1569 /* UINavigationController Extension.swift in Sources */ = {isa = PBXBuildFile; fileRef = F4F78CAA2BAC876700EB1569 /* UINavigationController Extension.swift */; };
		F4F78CAE2BAC88A000EB1569 /* HomeRouter.swift in Sources */ = {isa = PBXBuildFile; fileRef = F4F78CAD2BAC88A000EB1569 /* HomeRouter.swift */; };
		F4F78CB12BAC89E600EB1569 /* CategoriesRouter.swift in Sources */ = {isa = PBXBuildFile; fileRef = F4F78CB02BAC89E600EB1569 /* CategoriesRouter.swift */; };
		F4F78CB42BAC8A0300EB1569 /* BookmarksRouter.swift in Sources */ = {isa = PBXBuildFile; fileRef = F4F78CB32BAC8A0300EB1569 /* BookmarksRouter.swift */; };
		F4F78CB72BAC8A1B00EB1569 /* ProfileRouter.swift in Sources */ = {isa = PBXBuildFile; fileRef = F4F78CB62BAC8A1B00EB1569 /* ProfileRouter.swift */; };
		F4F78CB92BAC8A9D00EB1569 /* MainTabbarController.swift in Sources */ = {isa = PBXBuildFile; fileRef = F4F78CB82BAC8A9D00EB1569 /* MainTabbarController.swift */; };
		F4F78CCA2BAE3F8A00EB1569 /* SearchBarView.swift in Sources */ = {isa = PBXBuildFile; fileRef = F4F78CC92BAE3F8A00EB1569 /* SearchBarView.swift */; };
		F4F78CCC2BAE3FC600EB1569 /* SearchBarViewDelegate.swift in Sources */ = {isa = PBXBuildFile; fileRef = F4F78CCB2BAE3FC600EB1569 /* SearchBarViewDelegate.swift */; };
		F4F78CCE2BAE3FE300EB1569 /* SearchBarView Extension.swift in Sources */ = {isa = PBXBuildFile; fileRef = F4F78CCD2BAE3FE300EB1569 /* SearchBarView Extension.swift */; };
/* End PBXBuildFile section */

/* Begin PBXFileReference section */
		515A97462BB4210E007F4423 /* UITextField Extension.swift */ = {isa = PBXFileReference; lastKnownFileType = sourcecode.swift; path = "UITextField Extension.swift"; sourceTree = "<group>"; };
		515A97482BB458B6007F4423 /* UIButton Extension.swift */ = {isa = PBXFileReference; lastKnownFileType = sourcecode.swift; path = "UIButton Extension.swift"; sourceTree = "<group>"; };
		515A974A2BB48EF8007F4423 /* SignUpVC.swift */ = {isa = PBXFileReference; lastKnownFileType = sourcecode.swift; path = SignUpVC.swift; sourceTree = "<group>"; };
		515A974D2BB497CC007F4423 /* ProfileViewController.swift */ = {isa = PBXFileReference; lastKnownFileType = sourcecode.swift; path = ProfileViewController.swift; sourceTree = "<group>"; };
		515A974F2BB57A7D007F4423 /* GoogleService-Info.plist */ = {isa = PBXFileReference; fileEncoding = 4; lastKnownFileType = text.plist.xml; path = "GoogleService-Info.plist"; sourceTree = "<group>"; };
		5174DD2E2BAAA58100D4A660 /* MyCollectionViewCell.swift */ = {isa = PBXFileReference; fileEncoding = 4; lastKnownFileType = sourcecode.swift; path = MyCollectionViewCell.swift; sourceTree = "<group>"; };
		5174DD312BAEE92600D4A660 /* OnboardingRouter.swift */ = {isa = PBXFileReference; lastKnownFileType = sourcecode.swift; path = OnboardingRouter.swift; sourceTree = "<group>"; };
		5D41A2F32BA9E79700135E7D /* CategoriesCustomCell.swift */ = {isa = PBXFileReference; lastKnownFileType = sourcecode.swift; path = CategoriesCustomCell.swift; sourceTree = "<group>"; };
		5D41A2F52BA9EADF00135E7D /* PopularCustomCell.swift */ = {isa = PBXFileReference; lastKnownFileType = sourcecode.swift; path = PopularCustomCell.swift; sourceTree = "<group>"; };
		5D41A2F72BA9EEA700135E7D /* RecommendedCustomCell.swift */ = {isa = PBXFileReference; lastKnownFileType = sourcecode.swift; path = RecommendedCustomCell.swift; sourceTree = "<group>"; };
		5D41A2FA2BA9F11F00135E7D /* RecommendedModel.swift */ = {isa = PBXFileReference; lastKnownFileType = sourcecode.swift; path = RecommendedModel.swift; sourceTree = "<group>"; };
		5D41A2FC2BA9F72C00135E7D /* CustomHeader.swift */ = {isa = PBXFileReference; lastKnownFileType = sourcecode.swift; path = CustomHeader.swift; sourceTree = "<group>"; };
		5D41A2FE2BAAB1A300135E7D /* RecommendedCustomHeader.swift */ = {isa = PBXFileReference; lastKnownFileType = sourcecode.swift; path = RecommendedCustomHeader.swift; sourceTree = "<group>"; };
		5D41A3002BAAB99600135E7D /* Section.swift */ = {isa = PBXFileReference; lastKnownFileType = sourcecode.swift; path = Section.swift; sourceTree = "<group>"; };
		B686C0C42BB2B43100CF1474 /* UIButton Extension.swift */ = {isa = PBXFileReference; lastKnownFileType = sourcecode.swift; path = "UIButton Extension.swift"; sourceTree = "<group>"; };
		B686C0C62BB2D8FF00CF1474 /* CategoriesModuleBuilder.swift */ = {isa = PBXFileReference; lastKnownFileType = sourcecode.swift; path = CategoriesModuleBuilder.swift; sourceTree = "<group>"; };
		B686C0CB2BB315EA00CF1474 /* UIStackView Extension§.swift */ = {isa = PBXFileReference; lastKnownFileType = sourcecode.swift; path = "UIStackView Extension§.swift"; sourceTree = "<group>"; };
		B695B1B42BA8654F00BE49CA /* NetworkManager.swift */ = {isa = PBXFileReference; lastKnownFileType = sourcecode.swift; path = NetworkManager.swift; sourceTree = "<group>"; };
		B695B1B62BA865B800BE49CA /* Endpoint.swift */ = {isa = PBXFileReference; lastKnownFileType = sourcecode.swift; path = Endpoint.swift; sourceTree = "<group>"; };
		B695B1B92BA879F100BE49CA /* Structs.swift */ = {isa = PBXFileReference; lastKnownFileType = sourcecode.swift; path = Structs.swift; sourceTree = "<group>"; };
		B695B1BF2BAACC9D00BE49CA /* NetworkErrors.swift */ = {isa = PBXFileReference; lastKnownFileType = sourcecode.swift; path = NetworkErrors.swift; sourceTree = "<group>"; };
		B695B1CC2BAD522100BE49CA /* APIDocumentation.md */ = {isa = PBXFileReference; lastKnownFileType = net.daringfireball.markdown; path = APIDocumentation.md; sourceTree = "<group>"; };
		D094A2C22BAAD10500FFEB5E /* BookmarkCell.swift */ = {isa = PBXFileReference; lastKnownFileType = sourcecode.swift; path = BookmarkCell.swift; sourceTree = "<group>"; };
		D094A2C42BAB033E00FFEB5E /* EmptyView.swift */ = {isa = PBXFileReference; lastKnownFileType = sourcecode.swift; path = EmptyView.swift; sourceTree = "<group>"; };
		F48366102BA741CE00751B4A /* NewsToday.app */ = {isa = PBXFileReference; explicitFileType = wrapper.application; includeInIndex = 0; path = NewsToday.app; sourceTree = BUILT_PRODUCTS_DIR; };
		F48366132BA741CE00751B4A /* AppDelegate.swift */ = {isa = PBXFileReference; lastKnownFileType = sourcecode.swift; path = AppDelegate.swift; sourceTree = "<group>"; };
		F48366152BA741CE00751B4A /* SceneDelegate.swift */ = {isa = PBXFileReference; lastKnownFileType = sourcecode.swift; path = SceneDelegate.swift; sourceTree = "<group>"; };
		F48366172BA741CE00751B4A /* ViewController.swift */ = {isa = PBXFileReference; lastKnownFileType = sourcecode.swift; path = ViewController.swift; sourceTree = "<group>"; };
		F483661C2BA741D000751B4A /* Assets.xcassets */ = {isa = PBXFileReference; lastKnownFileType = folder.assetcatalog; path = Assets.xcassets; sourceTree = "<group>"; };
		F483661F2BA741D000751B4A /* Base */ = {isa = PBXFileReference; lastKnownFileType = file.storyboard; name = Base; path = Base.lproj/LaunchScreen.storyboard; sourceTree = "<group>"; };
		F48366212BA741D000751B4A /* Info.plist */ = {isa = PBXFileReference; lastKnownFileType = text.plist.xml; path = Info.plist; sourceTree = "<group>"; };
		F48366282BA749DA00751B4A /* UILabel Extension.swift */ = {isa = PBXFileReference; lastKnownFileType = sourcecode.swift; path = "UILabel Extension.swift"; sourceTree = "<group>"; };
		F483662B2BA74AEF00751B4A /* UIColor Extension.swift */ = {isa = PBXFileReference; lastKnownFileType = sourcecode.swift; path = "UIColor Extension.swift"; sourceTree = "<group>"; };
		F483662D2BA74C6C00751B4A /* UIFont Extension.swift */ = {isa = PBXFileReference; lastKnownFileType = sourcecode.swift; path = "UIFont Extension.swift"; sourceTree = "<group>"; };
		F48366312BA74DE400751B4A /* Inter-SemiBold.ttf */ = {isa = PBXFileReference; lastKnownFileType = file; path = "Inter-SemiBold.ttf"; sourceTree = "<group>"; };
		F48366322BA74DE400751B4A /* Inter-Medium.ttf */ = {isa = PBXFileReference; lastKnownFileType = file; path = "Inter-Medium.ttf"; sourceTree = "<group>"; };
		F48366332BA74DE400751B4A /* Inter-Regular.ttf */ = {isa = PBXFileReference; lastKnownFileType = file; path = "Inter-Regular.ttf"; sourceTree = "<group>"; };
		F48366342BA74DE400751B4A /* Inter-Bold.ttf */ = {isa = PBXFileReference; lastKnownFileType = file; path = "Inter-Bold.ttf"; sourceTree = "<group>"; };
		F48366402BA7523100751B4A /* UIView Extension.swift */ = {isa = PBXFileReference; lastKnownFileType = sourcecode.swift; path = "UIView Extension.swift"; sourceTree = "<group>"; };
		F48366422BA752AB00751B4A /* UIViewController Extension.swift */ = {isa = PBXFileReference; lastKnownFileType = sourcecode.swift; path = "UIViewController Extension.swift"; sourceTree = "<group>"; };
		F483664F2BA7593300751B4A /* API.swift */ = {isa = PBXFileReference; lastKnownFileType = sourcecode.swift; path = API.swift; sourceTree = "<group>"; };
		F48366552BA768EF00751B4A /* HomePresenter.swift */ = {isa = PBXFileReference; lastKnownFileType = sourcecode.swift; path = HomePresenter.swift; sourceTree = "<group>"; };
		F48366572BA768FA00751B4A /* HomeViewController.swift */ = {isa = PBXFileReference; lastKnownFileType = sourcecode.swift; path = HomeViewController.swift; sourceTree = "<group>"; };
		F48366602BA7699100751B4A /* DetailsPresenter.swift */ = {isa = PBXFileReference; lastKnownFileType = sourcecode.swift; path = DetailsPresenter.swift; sourceTree = "<group>"; };
		F48366622BA769C200751B4A /* ProfilePresenter.swift */ = {isa = PBXFileReference; lastKnownFileType = sourcecode.swift; path = ProfilePresenter.swift; sourceTree = "<group>"; };
		F48366642BA769DA00751B4A /* BookmarksPresenter.swift */ = {isa = PBXFileReference; lastKnownFileType = sourcecode.swift; path = BookmarksPresenter.swift; sourceTree = "<group>"; };
		F48366662BA769F400751B4A /* CategoriesPresenter.swift */ = {isa = PBXFileReference; lastKnownFileType = sourcecode.swift; path = CategoriesPresenter.swift; sourceTree = "<group>"; };
		F483666C2BA76A5E00751B4A /* CategoriesViewController.swift */ = {isa = PBXFileReference; lastKnownFileType = sourcecode.swift; path = CategoriesViewController.swift; sourceTree = "<group>"; };
		F483666E2BA76AB500751B4A /* BookmarksViewController.swift */ = {isa = PBXFileReference; lastKnownFileType = sourcecode.swift; path = BookmarksViewController.swift; sourceTree = "<group>"; };
		F48366702BA76AE300751B4A /* SignInVC.swift */ = {isa = PBXFileReference; lastKnownFileType = sourcecode.swift; path = SignInVC.swift; sourceTree = "<group>"; };
		F48366722BA76B1B00751B4A /* DetailsViewController.swift */ = {isa = PBXFileReference; lastKnownFileType = sourcecode.swift; path = DetailsViewController.swift; sourceTree = "<group>"; };
		F48366742BA76BC000751B4A /* CategoriesModel.swift */ = {isa = PBXFileReference; lastKnownFileType = sourcecode.swift; path = CategoriesModel.swift; sourceTree = "<group>"; };
		F48366782BA76BEB00751B4A /* BookmarksModel.swift */ = {isa = PBXFileReference; lastKnownFileType = sourcecode.swift; path = BookmarksModel.swift; sourceTree = "<group>"; };
		F483667B2BA76C0200751B4A /* ProfileModel.swift */ = {isa = PBXFileReference; lastKnownFileType = sourcecode.swift; path = ProfileModel.swift; sourceTree = "<group>"; };
		F483667E2BA76C3300751B4A /* DetailsModel.swift */ = {isa = PBXFileReference; lastKnownFileType = sourcecode.swift; path = DetailsModel.swift; sourceTree = "<group>"; };
		F48366802BA76C9000751B4A /* OnboardingVC.swift */ = {isa = PBXFileReference; lastKnownFileType = sourcecode.swift; path = OnboardingVC.swift; sourceTree = "<group>"; };
		F48366822BA76CB700751B4A /* LoginVC.swift */ = {isa = PBXFileReference; lastKnownFileType = sourcecode.swift; path = LoginVC.swift; sourceTree = "<group>"; };
		F4A5935A2BB1E2B100F923BB /* UserDefaultsManager.swift */ = {isa = PBXFileReference; lastKnownFileType = sourcecode.swift; path = UserDefaultsManager.swift; sourceTree = "<group>"; };
		F4A593712BB47BB800F923BB /* SearchArticlesViewController.swift */ = {isa = PBXFileReference; lastKnownFileType = sourcecode.swift; path = SearchArticlesViewController.swift; sourceTree = "<group>"; };
		F4A593732BB47BCA00F923BB /* SearchCell.swift */ = {isa = PBXFileReference; lastKnownFileType = sourcecode.swift; path = SearchCell.swift; sourceTree = "<group>"; };
		F4A593752BB47BE200F923BB /* SearchPresenter.swift */ = {isa = PBXFileReference; lastKnownFileType = sourcecode.swift; path = SearchPresenter.swift; sourceTree = "<group>"; };
		F4A593772BB47BF600F923BB /* SearchModel.swift */ = {isa = PBXFileReference; lastKnownFileType = sourcecode.swift; path = SearchModel.swift; sourceTree = "<group>"; };
		F4A593A02BB4EE3400F923BB /* Constants.swift */ = {isa = PBXFileReference; lastKnownFileType = sourcecode.swift; path = Constants.swift; sourceTree = "<group>"; };
		F4A593A22BB4EE4900F923BB /* Errors.swift */ = {isa = PBXFileReference; lastKnownFileType = sourcecode.swift; path = Errors.swift; sourceTree = "<group>"; };
		F4A593A52BB4EEDE00F923BB /* Module Builder.swift */ = {isa = PBXFileReference; lastKnownFileType = sourcecode.swift; path = "Module Builder.swift"; sourceTree = "<group>"; };
		F4A593A82BB4F01200F923BB /* ImageCache.swift */ = {isa = PBXFileReference; lastKnownFileType = sourcecode.swift; path = ImageCache.swift; sourceTree = "<group>"; };
		F4A593AA2BB4F04B00F923BB /* UIImageView Extension.swift */ = {isa = PBXFileReference; lastKnownFileType = sourcecode.swift; path = "UIImageView Extension.swift"; sourceTree = "<group>"; };
		F4F78CA62BAC816600EB1569 /* AppFactory.swift */ = {isa = PBXFileReference; lastKnownFileType = sourcecode.swift; path = AppFactory.swift; sourceTree = "<group>"; };
		F4F78CA82BAC818500EB1569 /* RootRouter.swift */ = {isa = PBXFileReference; lastKnownFileType = sourcecode.swift; path = RootRouter.swift; sourceTree = "<group>"; };
		F4F78CAA2BAC876700EB1569 /* UINavigationController Extension.swift */ = {isa = PBXFileReference; lastKnownFileType = sourcecode.swift; path = "UINavigationController Extension.swift"; sourceTree = "<group>"; };
		F4F78CAD2BAC88A000EB1569 /* HomeRouter.swift */ = {isa = PBXFileReference; lastKnownFileType = sourcecode.swift; path = HomeRouter.swift; sourceTree = "<group>"; };
		F4F78CB02BAC89E600EB1569 /* CategoriesRouter.swift */ = {isa = PBXFileReference; lastKnownFileType = sourcecode.swift; path = CategoriesRouter.swift; sourceTree = "<group>"; };
		F4F78CB32BAC8A0300EB1569 /* BookmarksRouter.swift */ = {isa = PBXFileReference; lastKnownFileType = sourcecode.swift; path = BookmarksRouter.swift; sourceTree = "<group>"; };
		F4F78CB62BAC8A1B00EB1569 /* ProfileRouter.swift */ = {isa = PBXFileReference; lastKnownFileType = sourcecode.swift; path = ProfileRouter.swift; sourceTree = "<group>"; };
		F4F78CB82BAC8A9D00EB1569 /* MainTabbarController.swift */ = {isa = PBXFileReference; lastKnownFileType = sourcecode.swift; path = MainTabbarController.swift; sourceTree = "<group>"; };
		F4F78CC92BAE3F8A00EB1569 /* SearchBarView.swift */ = {isa = PBXFileReference; lastKnownFileType = sourcecode.swift; path = SearchBarView.swift; sourceTree = "<group>"; };
		F4F78CCB2BAE3FC600EB1569 /* SearchBarViewDelegate.swift */ = {isa = PBXFileReference; lastKnownFileType = sourcecode.swift; path = SearchBarViewDelegate.swift; sourceTree = "<group>"; };
		F4F78CCD2BAE3FE300EB1569 /* SearchBarView Extension.swift */ = {isa = PBXFileReference; lastKnownFileType = sourcecode.swift; path = "SearchBarView Extension.swift"; sourceTree = "<group>"; };
/* End PBXFileReference section */

/* Begin PBXFrameworksBuildPhase section */
		F483660D2BA741CE00751B4A /* Frameworks */ = {
			isa = PBXFrameworksBuildPhase;
			buildActionMask = 2147483647;
			files = (
				D094A2C72BAB99FC00FFEB5E /* (null) in Frameworks */,
				B695B1BE2BA8830700BE49CA /* SnapKit in Frameworks */,
			);
			runOnlyForDeploymentPostprocessing = 0;
		};
/* End PBXFrameworksBuildPhase section */

/* Begin PBXGroup section */
		515A974C2BB48F38007F4423 /* Sign */ = {
			isa = PBXGroup;
			children = (
				F48366702BA76AE300751B4A /* SignInVC.swift */,
				515A974A2BB48EF8007F4423 /* SignUpVC.swift */,
			);
			path = Sign;
			sourceTree = "<group>";
		};
		5174DD302BAEE8EF00D4A660 /* Router */ = {
			isa = PBXGroup;
			children = (
				5174DD312BAEE92600D4A660 /* OnboardingRouter.swift */,
			);
			path = Router;
			sourceTree = "<group>";
		};
		5D41A2F92BA9EEBA00135E7D /* Cells */ = {
			isa = PBXGroup;
			children = (
				5D41A2F32BA9E79700135E7D /* CategoriesCustomCell.swift */,
				5D41A2F52BA9EADF00135E7D /* PopularCustomCell.swift */,
				5D41A2F72BA9EEA700135E7D /* RecommendedCustomCell.swift */,
			);
			path = Cells;
			sourceTree = "<group>";
		};
		5D41A3022BAAB9B900135E7D /* Headers */ = {
			isa = PBXGroup;
			children = (
				5D41A2FC2BA9F72C00135E7D /* CustomHeader.swift */,
				5D41A2FE2BAAB1A300135E7D /* RecommendedCustomHeader.swift */,
			);
			path = Headers;
			sourceTree = "<group>";
		};
		B686C0C82BB2D91000CF1474 /* ModuleBuilder */ = {
			isa = PBXGroup;
			children = (
				B686C0C62BB2D8FF00CF1474 /* CategoriesModuleBuilder.swift */,
			);
			path = ModuleBuilder;
			sourceTree = "<group>";
		};
		F48366072BA741CE00751B4A = {
			isa = PBXGroup;
			children = (
				F48366122BA741CE00751B4A /* NewsToday */,
				F48366112BA741CE00751B4A /* Products */,
			);
			sourceTree = "<group>";
		};
		F48366112BA741CE00751B4A /* Products */ = {
			isa = PBXGroup;
			children = (
				F48366102BA741CE00751B4A /* NewsToday.app */,
			);
			name = Products;
			sourceTree = "<group>";
		};
		F48366122BA741CE00751B4A /* NewsToday */ = {
			isa = PBXGroup;
			children = (
				515A974F2BB57A7D007F4423 /* GoogleService-Info.plist */,
				F483662A2BA74AAE00751B4A /* Application */,
				F4F78CA52BAC810400EB1569 /* Components */,
				F4A5935D2BB1E34B00F923BB /* Services */,
				F48366492BA7548300751B4A /* Moduls */,
				F48366272BA749C000751B4A /* Extensions */,
				F483662F2BA74D7F00751B4A /* Resources */,
				F483661C2BA741D000751B4A /* Assets.xcassets */,
				F48366212BA741D000751B4A /* Info.plist */,
			);
			path = NewsToday;
			sourceTree = "<group>";
		};
		F48366272BA749C000751B4A /* Extensions */ = {
			isa = PBXGroup;
			children = (
				B686C0C42BB2B43100CF1474 /* UIButton Extension.swift */,
				F4F78CCD2BAE3FE300EB1569 /* SearchBarView Extension.swift */,
				F48366282BA749DA00751B4A /* UILabel Extension.swift */,
				F483662B2BA74AEF00751B4A /* UIColor Extension.swift */,
				F483662D2BA74C6C00751B4A /* UIFont Extension.swift */,
				F48366402BA7523100751B4A /* UIView Extension.swift */,
				F48366422BA752AB00751B4A /* UIViewController Extension.swift */,
				F4F78CAA2BAC876700EB1569 /* UINavigationController Extension.swift */,
				515A97462BB4210E007F4423 /* UITextField Extension.swift */,
				515A97482BB458B6007F4423 /* UIButton Extension.swift */,
				B686C0CB2BB315EA00CF1474 /* UIStackView Extension§.swift */,
				F4A593AA2BB4F04B00F923BB /* UIImageView Extension.swift */,
			);
			path = Extensions;
			sourceTree = "<group>";
		};
		F483662A2BA74AAE00751B4A /* Application */ = {
			isa = PBXGroup;
			children = (
				F48366132BA741CE00751B4A /* AppDelegate.swift */,
				F48366152BA741CE00751B4A /* SceneDelegate.swift */,
				F48366172BA741CE00751B4A /* ViewController.swift */,
				F483661E2BA741D000751B4A /* LaunchScreen.storyboard */,
			);
			path = Application;
			sourceTree = "<group>";
		};
		F483662F2BA74D7F00751B4A /* Resources */ = {
			isa = PBXGroup;
			children = (
				F48366302BA74DA400751B4A /* Fonts */,
			);
			path = Resources;
			sourceTree = "<group>";
		};
		F48366302BA74DA400751B4A /* Fonts */ = {
			isa = PBXGroup;
			children = (
				F48366342BA74DE400751B4A /* Inter-Bold.ttf */,
				F48366322BA74DE400751B4A /* Inter-Medium.ttf */,
				F48366332BA74DE400751B4A /* Inter-Regular.ttf */,
				F48366312BA74DE400751B4A /* Inter-SemiBold.ttf */,
			);
			path = Fonts;
			sourceTree = "<group>";
		};
		F48366442BA7543E00751B4A /* Onboarding */ = {
			isa = PBXGroup;
			children = (
				F48366802BA76C9000751B4A /* OnboardingVC.swift */,
				5174DD2E2BAAA58100D4A660 /* MyCollectionViewCell.swift */,
			);
			path = Onboarding;
			sourceTree = "<group>";
		};
		F48366462BA7545A00751B4A /* Login */ = {
			isa = PBXGroup;
			children = (
				F48366822BA76CB700751B4A /* LoginVC.swift */,
			);
			path = Login;
			sourceTree = "<group>";
		};
		F48366472BA7546300751B4A /* Start */ = {
			isa = PBXGroup;
			children = (
				515A974C2BB48F38007F4423 /* Sign */,
				5174DD302BAEE8EF00D4A660 /* Router */,
				F48366442BA7543E00751B4A /* Onboarding */,
				F48366462BA7545A00751B4A /* Login */,
			);
			path = Start;
			sourceTree = "<group>";
		};
		F48366482BA7547000751B4A /* Home */ = {
			isa = PBXGroup;
			children = (
				F4A5939E2BB4EE1B00F923BB /* Metrics */,
				F4A593A42BB4EEC500F923BB /* Builder */,
				F4F78CAC2BAC889100EB1569 /* Router */,
				F48366512BA768C100751B4A /* Model */,
				F48366522BA768C700751B4A /* View */,
				F48366532BA768CC00751B4A /* Presenter */,
			);
			path = Home;
			sourceTree = "<group>";
		};
		F48366492BA7548300751B4A /* Moduls */ = {
			isa = PBXGroup;
			children = (
				F4A5936D2BB47B8600F923BB /* Search */,
				F48366472BA7546300751B4A /* Start */,
				F4F78CBA2BAC8AA500EB1569 /* Tabbar */,
				F48366482BA7547000751B4A /* Home */,
				F483664A2BA7549700751B4A /* Categories */,
				F483664B2BA754A800751B4A /* Bookmarks */,
				F483664C2BA754BB00751B4A /* Profile */,
				F483664D2BA754BF00751B4A /* Details */,
			);
			path = Moduls;
			sourceTree = "<group>";
		};
		F483664A2BA7549700751B4A /* Categories */ = {
			isa = PBXGroup;
			children = (
				B686C0C82BB2D91000CF1474 /* ModuleBuilder */,
				F4F78CAF2BAC89DA00EB1569 /* Router */,
				F48366762BA76BC900751B4A /* Model */,
				F48366682BA76A1400751B4A /* View */,
				F483665C2BA7697100751B4A /* Presenter */,
			);
			path = Categories;
			sourceTree = "<group>";
		};
		F483664B2BA754A800751B4A /* Bookmarks */ = {
			isa = PBXGroup;
			children = (
				F4F78CB22BAC89F400EB1569 /* Router */,
				F48366772BA76BE000751B4A /* Model */,
				F48366692BA76A1700751B4A /* View */,
				F483665D2BA7697800751B4A /* Presenter */,
			);
			path = Bookmarks;
			sourceTree = "<group>";
		};
		F483664C2BA754BB00751B4A /* Profile */ = {
			isa = PBXGroup;
			children = (
				F4F78CB52BAC8A1100EB1569 /* Router */,
				F483667A2BA76BF600751B4A /* Model */,
				F483666A2BA76A1B00751B4A /* View */,
				F483665E2BA7697E00751B4A /* Presenter */,
			);
			path = Profile;
			sourceTree = "<group>";
		};
		F483664D2BA754BF00751B4A /* Details */ = {
			isa = PBXGroup;
			children = (
				F483667D2BA76C2900751B4A /* Model */,
				F483666B2BA76A1F00751B4A /* View */,
				F483665F2BA7698200751B4A /* Presenter */,
			);
			path = Details;
			sourceTree = "<group>";
		};
		F483664E2BA7591F00751B4A /* Network */ = {
			isa = PBXGroup;
			children = (
				B695B1CC2BAD522100BE49CA /* APIDocumentation.md */,
				F483664F2BA7593300751B4A /* API.swift */,
				B695B1B62BA865B800BE49CA /* Endpoint.swift */,
				B695B1B42BA8654F00BE49CA /* NetworkManager.swift */,
				B695B1B92BA879F100BE49CA /* Structs.swift */,
				B695B1BF2BAACC9D00BE49CA /* NetworkErrors.swift */,
			);
			path = Network;
			sourceTree = "<group>";
		};
		F48366512BA768C100751B4A /* Model */ = {
			isa = PBXGroup;
			children = (
				5D41A2FA2BA9F11F00135E7D /* RecommendedModel.swift */,
			);
			path = Model;
			sourceTree = "<group>";
		};
		F48366522BA768C700751B4A /* View */ = {
			isa = PBXGroup;
			children = (
				F4F78CCF2BAE400C00EB1569 /* SearchBar */,
				5D41A2F92BA9EEBA00135E7D /* Cells */,
				5D41A3022BAAB9B900135E7D /* Headers */,
				F48366572BA768FA00751B4A /* HomeViewController.swift */,
				5D41A3002BAAB99600135E7D /* Section.swift */,
			);
			path = View;
			sourceTree = "<group>";
		};
		F48366532BA768CC00751B4A /* Presenter */ = {
			isa = PBXGroup;
			children = (
				F48366552BA768EF00751B4A /* HomePresenter.swift */,
			);
			path = Presenter;
			sourceTree = "<group>";
		};
		F483665C2BA7697100751B4A /* Presenter */ = {
			isa = PBXGroup;
			children = (
				F48366662BA769F400751B4A /* CategoriesPresenter.swift */,
			);
			path = Presenter;
			sourceTree = "<group>";
		};
		F483665D2BA7697800751B4A /* Presenter */ = {
			isa = PBXGroup;
			children = (
				F48366642BA769DA00751B4A /* BookmarksPresenter.swift */,
			);
			path = Presenter;
			sourceTree = "<group>";
		};
		F483665E2BA7697E00751B4A /* Presenter */ = {
			isa = PBXGroup;
			children = (
				F48366622BA769C200751B4A /* ProfilePresenter.swift */,
			);
			path = Presenter;
			sourceTree = "<group>";
		};
		F483665F2BA7698200751B4A /* Presenter */ = {
			isa = PBXGroup;
			children = (
				F48366602BA7699100751B4A /* DetailsPresenter.swift */,
			);
			path = Presenter;
			sourceTree = "<group>";
		};
		F48366682BA76A1400751B4A /* View */ = {
			isa = PBXGroup;
			children = (
				F483666C2BA76A5E00751B4A /* CategoriesViewController.swift */,
			);
			path = View;
			sourceTree = "<group>";
		};
		F48366692BA76A1700751B4A /* View */ = {
			isa = PBXGroup;
			children = (
				F483666E2BA76AB500751B4A /* BookmarksViewController.swift */,
				D094A2C22BAAD10500FFEB5E /* BookmarkCell.swift */,
				D094A2C42BAB033E00FFEB5E /* EmptyView.swift */,
			);
			path = View;
			sourceTree = "<group>";
		};
		F483666A2BA76A1B00751B4A /* View */ = {
			isa = PBXGroup;
			children = (
				515A974D2BB497CC007F4423 /* ProfileViewController.swift */,
			);
			path = View;
			sourceTree = "<group>";
		};
		F483666B2BA76A1F00751B4A /* View */ = {
			isa = PBXGroup;
			children = (
				F48366722BA76B1B00751B4A /* DetailsViewController.swift */,
			);
			path = View;
			sourceTree = "<group>";
		};
		F48366762BA76BC900751B4A /* Model */ = {
			isa = PBXGroup;
			children = (
				F48366742BA76BC000751B4A /* CategoriesModel.swift */,
			);
			path = Model;
			sourceTree = "<group>";
		};
		F48366772BA76BE000751B4A /* Model */ = {
			isa = PBXGroup;
			children = (
				F48366782BA76BEB00751B4A /* BookmarksModel.swift */,
			);
			path = Model;
			sourceTree = "<group>";
		};
		F483667A2BA76BF600751B4A /* Model */ = {
			isa = PBXGroup;
			children = (
				F483667B2BA76C0200751B4A /* ProfileModel.swift */,
			);
			path = Model;
			sourceTree = "<group>";
		};
		F483667D2BA76C2900751B4A /* Model */ = {
			isa = PBXGroup;
			children = (
				F483667E2BA76C3300751B4A /* DetailsModel.swift */,
			);
			path = Model;
			sourceTree = "<group>";
		};
		F4A5935D2BB1E34B00F923BB /* Services */ = {
			isa = PBXGroup;
			children = (
				F4A593A72BB4F00900F923BB /* Cashe */,
				F4A5935E2BB1E35B00F923BB /* UserDefaults */,
				F483664E2BA7591F00751B4A /* Network */,
			);
			path = Services;
			sourceTree = "<group>";
		};
		F4A5935E2BB1E35B00F923BB /* UserDefaults */ = {
			isa = PBXGroup;
			children = (
				F4A5935A2BB1E2B100F923BB /* UserDefaultsManager.swift */,
			);
			path = UserDefaults;
			sourceTree = "<group>";
		};
		F4A5936D2BB47B8600F923BB /* Search */ = {
			isa = PBXGroup;
			children = (
				F4A593702BB47B9700F923BB /* Presenter */,
				F4A5936F2BB47B8F00F923BB /* View */,
				F4A5936E2BB47B8C00F923BB /* Model */,
			);
			path = Search;
			sourceTree = "<group>";
		};
		F4A5936E2BB47B8C00F923BB /* Model */ = {
			isa = PBXGroup;
			children = (
				F4A593772BB47BF600F923BB /* SearchModel.swift */,
			);
			path = Model;
			sourceTree = "<group>";
		};
		F4A5936F2BB47B8F00F923BB /* View */ = {
			isa = PBXGroup;
			children = (
				F4A593712BB47BB800F923BB /* SearchArticlesViewController.swift */,
				F4A593732BB47BCA00F923BB /* SearchCell.swift */,
			);
			path = View;
			sourceTree = "<group>";
		};
		F4A593702BB47B9700F923BB /* Presenter */ = {
			isa = PBXGroup;
			children = (
				F4A593752BB47BE200F923BB /* SearchPresenter.swift */,
			);
			path = Presenter;
			sourceTree = "<group>";
		};
		F4A5939E2BB4EE1B00F923BB /* Metrics */ = {
			isa = PBXGroup;
			children = (
				F4A593A02BB4EE3400F923BB /* Constants.swift */,
				F4A593A22BB4EE4900F923BB /* Errors.swift */,
			);
			path = Metrics;
			sourceTree = "<group>";
		};
		F4A593A42BB4EEC500F923BB /* Builder */ = {
			isa = PBXGroup;
			children = (
				F4A593A52BB4EEDE00F923BB /* Module Builder.swift */,
			);
			path = Builder;
			sourceTree = "<group>";
		};
		F4A593A72BB4F00900F923BB /* Cashe */ = {
			isa = PBXGroup;
			children = (
				F4A593A82BB4F01200F923BB /* ImageCache.swift */,
			);
			path = Cashe;
			sourceTree = "<group>";
		};
		F4F78CA52BAC810400EB1569 /* Components */ = {
			isa = PBXGroup;
			children = (
				F4F78CA62BAC816600EB1569 /* AppFactory.swift */,
				F4F78CA82BAC818500EB1569 /* RootRouter.swift */,
			);
			path = Components;
			sourceTree = "<group>";
		};
		F4F78CAC2BAC889100EB1569 /* Router */ = {
			isa = PBXGroup;
			children = (
				F4F78CAD2BAC88A000EB1569 /* HomeRouter.swift */,
			);
			path = Router;
			sourceTree = "<group>";
		};
		F4F78CAF2BAC89DA00EB1569 /* Router */ = {
			isa = PBXGroup;
			children = (
				F4F78CB02BAC89E600EB1569 /* CategoriesRouter.swift */,
			);
			path = Router;
			sourceTree = "<group>";
		};
		F4F78CB22BAC89F400EB1569 /* Router */ = {
			isa = PBXGroup;
			children = (
				F4F78CB32BAC8A0300EB1569 /* BookmarksRouter.swift */,
			);
			path = Router;
			sourceTree = "<group>";
		};
		F4F78CB52BAC8A1100EB1569 /* Router */ = {
			isa = PBXGroup;
			children = (
				F4F78CB62BAC8A1B00EB1569 /* ProfileRouter.swift */,
			);
			path = Router;
			sourceTree = "<group>";
		};
		F4F78CBA2BAC8AA500EB1569 /* Tabbar */ = {
			isa = PBXGroup;
			children = (
				F4F78CB82BAC8A9D00EB1569 /* MainTabbarController.swift */,
			);
			path = Tabbar;
			sourceTree = "<group>";
		};
		F4F78CCF2BAE400C00EB1569 /* SearchBar */ = {
			isa = PBXGroup;
			children = (
				F4F78CC92BAE3F8A00EB1569 /* SearchBarView.swift */,
				F4F78CCB2BAE3FC600EB1569 /* SearchBarViewDelegate.swift */,
			);
			path = SearchBar;
			sourceTree = "<group>";
		};
/* End PBXGroup section */

/* Begin PBXNativeTarget section */
		F483660F2BA741CE00751B4A /* NewsToday */ = {
			isa = PBXNativeTarget;
			buildConfigurationList = F48366242BA741D000751B4A /* Build configuration list for PBXNativeTarget "NewsToday" */;
			buildPhases = (
				F483660C2BA741CE00751B4A /* Sources */,
				F483660D2BA741CE00751B4A /* Frameworks */,
				F483660E2BA741CE00751B4A /* Resources */,
			);
			buildRules = (
			);
			dependencies = (
			);
			name = NewsToday;
			packageProductDependencies = (
			);
			productName = NewsToday;
			productReference = F48366102BA741CE00751B4A /* NewsToday.app */;
			productType = "com.apple.product-type.application";
		};
/* End PBXNativeTarget section */

/* Begin PBXProject section */
		F48366082BA741CE00751B4A /* Project object */ = {
			isa = PBXProject;
			attributes = {
				BuildIndependentTargetsInParallel = 1;
				LastSwiftUpdateCheck = 1530;
				LastUpgradeCheck = 1530;
				TargetAttributes = {
					F483660F2BA741CE00751B4A = {
						CreatedOnToolsVersion = 15.3;
					};
				};
			};
			buildConfigurationList = F483660B2BA741CE00751B4A /* Build configuration list for PBXProject "NewsToday" */;
			compatibilityVersion = "Xcode 14.0";
			developmentRegion = en;
			hasScannedForEncodings = 0;
			knownRegions = (
				en,
				Base,
			);
			mainGroup = F48366072BA741CE00751B4A;
			packageReferences = (
				B695B1BC2BA8830700BE49CA /* XCRemoteSwiftPackageReference "SnapKit" */,
			);
			productRefGroup = F48366112BA741CE00751B4A /* Products */;
			projectDirPath = "";
			projectRoot = "";
			targets = (
				F483660F2BA741CE00751B4A /* NewsToday */,
			);
		};
/* End PBXProject section */

/* Begin PBXResourcesBuildPhase section */
		F483660E2BA741CE00751B4A /* Resources */ = {
			isa = PBXResourcesBuildPhase;
			buildActionMask = 2147483647;
			files = (
				F48366382BA74DE400751B4A /* Inter-Bold.ttf in Resources */,
				F48366362BA74DE400751B4A /* Inter-Medium.ttf in Resources */,
				F48366372BA74DE400751B4A /* Inter-Regular.ttf in Resources */,
				F48366352BA74DE400751B4A /* Inter-SemiBold.ttf in Resources */,
				F483661D2BA741D000751B4A /* Assets.xcassets in Resources */,
				F48366202BA741D000751B4A /* Base in Resources */,
				515A97502BB57A7D007F4423 /* GoogleService-Info.plist in Resources */,
			);
			runOnlyForDeploymentPostprocessing = 0;
		};
/* End PBXResourcesBuildPhase section */

/* Begin PBXSourcesBuildPhase section */
		F483660C2BA741CE00751B4A /* Sources */ = {
			isa = PBXSourcesBuildPhase;
			buildActionMask = 2147483647;
			files = (
				B695B1B52BA8654F00BE49CA /* NetworkManager.swift in Sources */,
				5D41A2F62BA9EADF00135E7D /* PopularCustomCell.swift in Sources */,
				F4F78CB92BAC8A9D00EB1569 /* MainTabbarController.swift in Sources */,
				F4A593782BB47BF600F923BB /* SearchModel.swift in Sources */,
				F4A593A62BB4EEDE00F923BB /* Module Builder.swift in Sources */,
				F483666F2BA76AB500751B4A /* BookmarksViewController.swift in Sources */,
				F4A593722BB47BB800F923BB /* SearchArticlesViewController.swift in Sources */,
				F48366182BA741CE00751B4A /* ViewController.swift in Sources */,
				515A974B2BB48EF8007F4423 /* SignUpVC.swift in Sources */,
				515A974E2BB497CC007F4423 /* ProfileViewController.swift in Sources */,
				5174DD2F2BAAA58100D4A660 /* MyCollectionViewCell.swift in Sources */,
				F48366812BA76C9000751B4A /* OnboardingVC.swift in Sources */,
				F48366652BA769DA00751B4A /* BookmarksPresenter.swift in Sources */,
				F4A593742BB47BCA00F923BB /* SearchCell.swift in Sources */,
				F4A593A92BB4F01200F923BB /* ImageCache.swift in Sources */,
				F4F78CA92BAC818500EB1569 /* RootRouter.swift in Sources */,
				515A97472BB4210E007F4423 /* UITextField Extension.swift in Sources */,
				F48366672BA769F400751B4A /* CategoriesPresenter.swift in Sources */,
				F483667F2BA76C3300751B4A /* DetailsModel.swift in Sources */,
				F483662E2BA74C6C00751B4A /* UIFont Extension.swift in Sources */,
				F48366432BA752AB00751B4A /* UIViewController Extension.swift in Sources */,
				D094A2C32BAAD10500FFEB5E /* BookmarkCell.swift in Sources */,
				5D41A2FB2BA9F11F00135E7D /* RecommendedModel.swift in Sources */,
				F4A593762BB47BE200F923BB /* SearchPresenter.swift in Sources */,
				B695B1B72BA865B800BE49CA /* Endpoint.swift in Sources */,
				5D41A2F42BA9E79700135E7D /* CategoriesCustomCell.swift in Sources */,
				F483666D2BA76A5E00751B4A /* CategoriesViewController.swift in Sources */,
				F48366562BA768EF00751B4A /* HomePresenter.swift in Sources */,
				D094A2C52BAB033E00FFEB5E /* EmptyView.swift in Sources */,
				F48366712BA76AE300751B4A /* SignInVC.swift in Sources */,
				F48366412BA7523100751B4A /* UIView Extension.swift in Sources */,
				F48366582BA768FA00751B4A /* HomeViewController.swift in Sources */,
				F48366292BA749DA00751B4A /* UILabel Extension.swift in Sources */,
				B695B1C02BAACC9E00BE49CA /* NetworkErrors.swift in Sources */,
				515A97492BB458B6007F4423 /* UIButton Extension.swift in Sources */,
				5D41A2F82BA9EEA700135E7D /* RecommendedCustomCell.swift in Sources */,
				B686C0C72BB2D90000CF1474 /* CategoriesModuleBuilder.swift in Sources */,
				F4F78CA72BAC816600EB1569 /* AppFactory.swift in Sources */,
				F483662C2BA74AEF00751B4A /* UIColor Extension.swift in Sources */,
				F48366142BA741CE00751B4A /* AppDelegate.swift in Sources */,
				F4F78CCE2BAE3FE300EB1569 /* SearchBarView Extension.swift in Sources */,
				F4F78CAE2BAC88A000EB1569 /* HomeRouter.swift in Sources */,
				5174DD322BAEE92600D4A660 /* OnboardingRouter.swift in Sources */,
				F4F78CAB2BAC876700EB1569 /* UINavigationController Extension.swift in Sources */,
				F4F78CB72BAC8A1B00EB1569 /* ProfileRouter.swift in Sources */,
				F48366632BA769C200751B4A /* ProfilePresenter.swift in Sources */,
				5D41A3012BAAB99600135E7D /* Section.swift in Sources */,
				F4A593A12BB4EE3400F923BB /* Constants.swift in Sources */,
				F4A5935B2BB1E2B100F923BB /* UserDefaultsManager.swift in Sources */,
				F4A593A32BB4EE4900F923BB /* Errors.swift in Sources */,
				F48366502BA7593300751B4A /* API.swift in Sources */,
				F4A593AB2BB4F04B00F923BB /* UIImageView Extension.swift in Sources */,
				F48366162BA741CE00751B4A /* SceneDelegate.swift in Sources */,
				F4F78CCC2BAE3FC600EB1569 /* SearchBarViewDelegate.swift in Sources */,
				F48366752BA76BC000751B4A /* CategoriesModel.swift in Sources */,
				5D41A2FD2BA9F72C00135E7D /* CustomHeader.swift in Sources */,
				B686C0CC2BB315EA00CF1474 /* UIStackView Extension§.swift in Sources */,
				F483667C2BA76C0200751B4A /* ProfileModel.swift in Sources */,
				F4F78CB42BAC8A0300EB1569 /* BookmarksRouter.swift in Sources */,
				F4F78CCA2BAE3F8A00EB1569 /* SearchBarView.swift in Sources */,
				F48366832BA76CB700751B4A /* LoginVC.swift in Sources */,
				F48366792BA76BEB00751B4A /* BookmarksModel.swift in Sources */,
				F48366612BA7699100751B4A /* DetailsPresenter.swift in Sources */,
				B695B1BA2BA879F100BE49CA /* Structs.swift in Sources */,
				F4F78CB12BAC89E600EB1569 /* CategoriesRouter.swift in Sources */,
				F48366732BA76B1B00751B4A /* DetailsViewController.swift in Sources */,
				B686C0C52BB2B43100CF1474 /* UIButton Extension.swift in Sources */,
				5D41A2FF2BAAB1A300135E7D /* RecommendedCustomHeader.swift in Sources */,
			);
			runOnlyForDeploymentPostprocessing = 0;
		};
/* End PBXSourcesBuildPhase section */

/* Begin PBXVariantGroup section */
		F483661E2BA741D000751B4A /* LaunchScreen.storyboard */ = {
			isa = PBXVariantGroup;
			children = (
				F483661F2BA741D000751B4A /* Base */,
			);
			name = LaunchScreen.storyboard;
			sourceTree = "<group>";
		};
/* End PBXVariantGroup section */

/* Begin XCBuildConfiguration section */
		F48366222BA741D000751B4A /* Debug */ = {
			isa = XCBuildConfiguration;
			buildSettings = {
				ALWAYS_SEARCH_USER_PATHS = NO;
				ASSETCATALOG_COMPILER_GENERATE_SWIFT_ASSET_SYMBOL_EXTENSIONS = YES;
				CLANG_ANALYZER_NONNULL = YES;
				CLANG_ANALYZER_NUMBER_OBJECT_CONVERSION = YES_AGGRESSIVE;
				CLANG_CXX_LANGUAGE_STANDARD = "gnu++20";
				CLANG_ENABLE_MODULES = YES;
				CLANG_ENABLE_OBJC_ARC = YES;
				CLANG_ENABLE_OBJC_WEAK = YES;
				CLANG_WARN_BLOCK_CAPTURE_AUTORELEASING = YES;
				CLANG_WARN_BOOL_CONVERSION = YES;
				CLANG_WARN_COMMA = YES;
				CLANG_WARN_CONSTANT_CONVERSION = YES;
				CLANG_WARN_DEPRECATED_OBJC_IMPLEMENTATIONS = YES;
				CLANG_WARN_DIRECT_OBJC_ISA_USAGE = YES_ERROR;
				CLANG_WARN_DOCUMENTATION_COMMENTS = YES;
				CLANG_WARN_EMPTY_BODY = YES;
				CLANG_WARN_ENUM_CONVERSION = YES;
				CLANG_WARN_INFINITE_RECURSION = YES;
				CLANG_WARN_INT_CONVERSION = YES;
				CLANG_WARN_NON_LITERAL_NULL_CONVERSION = YES;
				CLANG_WARN_OBJC_IMPLICIT_RETAIN_SELF = YES;
				CLANG_WARN_OBJC_LITERAL_CONVERSION = YES;
				CLANG_WARN_OBJC_ROOT_CLASS = YES_ERROR;
				CLANG_WARN_QUOTED_INCLUDE_IN_FRAMEWORK_HEADER = YES;
				CLANG_WARN_RANGE_LOOP_ANALYSIS = YES;
				CLANG_WARN_STRICT_PROTOTYPES = YES;
				CLANG_WARN_SUSPICIOUS_MOVE = YES;
				CLANG_WARN_UNGUARDED_AVAILABILITY = YES_AGGRESSIVE;
				CLANG_WARN_UNREACHABLE_CODE = YES;
				CLANG_WARN__DUPLICATE_METHOD_MATCH = YES;
				COPY_PHASE_STRIP = NO;
				DEBUG_INFORMATION_FORMAT = dwarf;
				ENABLE_STRICT_OBJC_MSGSEND = YES;
				ENABLE_TESTABILITY = YES;
				ENABLE_USER_SCRIPT_SANDBOXING = YES;
				GCC_C_LANGUAGE_STANDARD = gnu17;
				GCC_DYNAMIC_NO_PIC = NO;
				GCC_NO_COMMON_BLOCKS = YES;
				GCC_OPTIMIZATION_LEVEL = 0;
				GCC_PREPROCESSOR_DEFINITIONS = (
					"DEBUG=1",
					"$(inherited)",
				);
				GCC_WARN_64_TO_32_BIT_CONVERSION = YES;
				GCC_WARN_ABOUT_RETURN_TYPE = YES_ERROR;
				GCC_WARN_UNDECLARED_SELECTOR = YES;
				GCC_WARN_UNINITIALIZED_AUTOS = YES_AGGRESSIVE;
				GCC_WARN_UNUSED_FUNCTION = YES;
				GCC_WARN_UNUSED_VARIABLE = YES;
				IPHONEOS_DEPLOYMENT_TARGET = 17.4;
				LOCALIZATION_PREFERS_STRING_CATALOGS = YES;
				MTL_ENABLE_DEBUG_INFO = INCLUDE_SOURCE;
				MTL_FAST_MATH = YES;
				ONLY_ACTIVE_ARCH = YES;
				SDKROOT = iphoneos;
				SWIFT_ACTIVE_COMPILATION_CONDITIONS = "DEBUG $(inherited)";
				SWIFT_OPTIMIZATION_LEVEL = "-Onone";
			};
			name = Debug;
		};
		F48366232BA741D000751B4A /* Release */ = {
			isa = XCBuildConfiguration;
			buildSettings = {
				ALWAYS_SEARCH_USER_PATHS = NO;
				ASSETCATALOG_COMPILER_GENERATE_SWIFT_ASSET_SYMBOL_EXTENSIONS = YES;
				CLANG_ANALYZER_NONNULL = YES;
				CLANG_ANALYZER_NUMBER_OBJECT_CONVERSION = YES_AGGRESSIVE;
				CLANG_CXX_LANGUAGE_STANDARD = "gnu++20";
				CLANG_ENABLE_MODULES = YES;
				CLANG_ENABLE_OBJC_ARC = YES;
				CLANG_ENABLE_OBJC_WEAK = YES;
				CLANG_WARN_BLOCK_CAPTURE_AUTORELEASING = YES;
				CLANG_WARN_BOOL_CONVERSION = YES;
				CLANG_WARN_COMMA = YES;
				CLANG_WARN_CONSTANT_CONVERSION = YES;
				CLANG_WARN_DEPRECATED_OBJC_IMPLEMENTATIONS = YES;
				CLANG_WARN_DIRECT_OBJC_ISA_USAGE = YES_ERROR;
				CLANG_WARN_DOCUMENTATION_COMMENTS = YES;
				CLANG_WARN_EMPTY_BODY = YES;
				CLANG_WARN_ENUM_CONVERSION = YES;
				CLANG_WARN_INFINITE_RECURSION = YES;
				CLANG_WARN_INT_CONVERSION = YES;
				CLANG_WARN_NON_LITERAL_NULL_CONVERSION = YES;
				CLANG_WARN_OBJC_IMPLICIT_RETAIN_SELF = YES;
				CLANG_WARN_OBJC_LITERAL_CONVERSION = YES;
				CLANG_WARN_OBJC_ROOT_CLASS = YES_ERROR;
				CLANG_WARN_QUOTED_INCLUDE_IN_FRAMEWORK_HEADER = YES;
				CLANG_WARN_RANGE_LOOP_ANALYSIS = YES;
				CLANG_WARN_STRICT_PROTOTYPES = YES;
				CLANG_WARN_SUSPICIOUS_MOVE = YES;
				CLANG_WARN_UNGUARDED_AVAILABILITY = YES_AGGRESSIVE;
				CLANG_WARN_UNREACHABLE_CODE = YES;
				CLANG_WARN__DUPLICATE_METHOD_MATCH = YES;
				COPY_PHASE_STRIP = NO;
				DEBUG_INFORMATION_FORMAT = "dwarf-with-dsym";
				ENABLE_NS_ASSERTIONS = NO;
				ENABLE_STRICT_OBJC_MSGSEND = YES;
				ENABLE_USER_SCRIPT_SANDBOXING = YES;
				GCC_C_LANGUAGE_STANDARD = gnu17;
				GCC_NO_COMMON_BLOCKS = YES;
				GCC_WARN_64_TO_32_BIT_CONVERSION = YES;
				GCC_WARN_ABOUT_RETURN_TYPE = YES_ERROR;
				GCC_WARN_UNDECLARED_SELECTOR = YES;
				GCC_WARN_UNINITIALIZED_AUTOS = YES_AGGRESSIVE;
				GCC_WARN_UNUSED_FUNCTION = YES;
				GCC_WARN_UNUSED_VARIABLE = YES;
				IPHONEOS_DEPLOYMENT_TARGET = 17.4;
				LOCALIZATION_PREFERS_STRING_CATALOGS = YES;
				MTL_ENABLE_DEBUG_INFO = NO;
				MTL_FAST_MATH = YES;
				SDKROOT = iphoneos;
				SWIFT_COMPILATION_MODE = wholemodule;
				VALIDATE_PRODUCT = YES;
			};
			name = Release;
		};
		F48366252BA741D000751B4A /* Debug */ = {
			isa = XCBuildConfiguration;
			buildSettings = {
				ASSETCATALOG_COMPILER_APPICON_NAME = AppIcon;
				ASSETCATALOG_COMPILER_GLOBAL_ACCENT_COLOR_NAME = AccentColor;
				CODE_SIGN_STYLE = Automatic;
				CURRENT_PROJECT_VERSION = 1;
				DEVELOPMENT_TEAM = 87P7GYW9VY;
				GENERATE_INFOPLIST_FILE = YES;
				INFOPLIST_FILE = NewsToday/Info.plist;
				INFOPLIST_KEY_UIApplicationSupportsIndirectInputEvents = YES;
				INFOPLIST_KEY_UILaunchStoryboardName = LaunchScreen;
				INFOPLIST_KEY_UISupportedInterfaceOrientations = UIInterfaceOrientationPortrait;
				INFOPLIST_KEY_UISupportedInterfaceOrientations_iPad = "UIInterfaceOrientationLandscapeLeft UIInterfaceOrientationLandscapeRight UIInterfaceOrientationPortrait UIInterfaceOrientationPortraitUpsideDown";
				IPHONEOS_DEPLOYMENT_TARGET = 15.0;
				LD_RUNPATH_SEARCH_PATHS = (
					"$(inherited)",
					"@executable_path/Frameworks",
				);
				MARKETING_VERSION = 1.0;
				PRODUCT_BUNDLE_IDENTIFIER = "Michael-Bolgar.NewsToday";
				PRODUCT_NAME = "$(TARGET_NAME)";
				SUPPORTED_PLATFORMS = "iphoneos iphonesimulator";
				SUPPORTS_MACCATALYST = NO;
				SUPPORTS_MAC_DESIGNED_FOR_IPHONE_IPAD = NO;
				SUPPORTS_XR_DESIGNED_FOR_IPHONE_IPAD = NO;
				SWIFT_EMIT_LOC_STRINGS = YES;
				SWIFT_VERSION = 5.0;
				TARGETED_DEVICE_FAMILY = 1;
			};
			name = Debug;
		};
		F48366262BA741D000751B4A /* Release */ = {
			isa = XCBuildConfiguration;
			buildSettings = {
				ASSETCATALOG_COMPILER_APPICON_NAME = AppIcon;
				ASSETCATALOG_COMPILER_GLOBAL_ACCENT_COLOR_NAME = AccentColor;
				CODE_SIGN_STYLE = Automatic;
				CURRENT_PROJECT_VERSION = 1;
				DEVELOPMENT_TEAM = 87P7GYW9VY;
				GENERATE_INFOPLIST_FILE = YES;
				INFOPLIST_FILE = NewsToday/Info.plist;
				INFOPLIST_KEY_UIApplicationSupportsIndirectInputEvents = YES;
				INFOPLIST_KEY_UILaunchStoryboardName = LaunchScreen;
				INFOPLIST_KEY_UISupportedInterfaceOrientations = UIInterfaceOrientationPortrait;
				INFOPLIST_KEY_UISupportedInterfaceOrientations_iPad = "UIInterfaceOrientationLandscapeLeft UIInterfaceOrientationLandscapeRight UIInterfaceOrientationPortrait UIInterfaceOrientationPortraitUpsideDown";
				IPHONEOS_DEPLOYMENT_TARGET = 15.0;
				LD_RUNPATH_SEARCH_PATHS = (
					"$(inherited)",
					"@executable_path/Frameworks",
				);
				MARKETING_VERSION = 1.0;
				PRODUCT_BUNDLE_IDENTIFIER = "Michael-Bolgar.NewsToday";
				PRODUCT_NAME = "$(TARGET_NAME)";
				SUPPORTED_PLATFORMS = "iphoneos iphonesimulator";
				SUPPORTS_MACCATALYST = NO;
				SUPPORTS_MAC_DESIGNED_FOR_IPHONE_IPAD = NO;
				SUPPORTS_XR_DESIGNED_FOR_IPHONE_IPAD = NO;
				SWIFT_EMIT_LOC_STRINGS = YES;
				SWIFT_VERSION = 5.0;
				TARGETED_DEVICE_FAMILY = 1;
			};
			name = Release;
		};
/* End XCBuildConfiguration section */

/* Begin XCConfigurationList section */
		F483660B2BA741CE00751B4A /* Build configuration list for PBXProject "NewsToday" */ = {
			isa = XCConfigurationList;
			buildConfigurations = (
				F48366222BA741D000751B4A /* Debug */,
				F48366232BA741D000751B4A /* Release */,
			);
			defaultConfigurationIsVisible = 0;
			defaultConfigurationName = Release;
		};
		F48366242BA741D000751B4A /* Build configuration list for PBXNativeTarget "NewsToday" */ = {
			isa = XCConfigurationList;
			buildConfigurations = (
				F48366252BA741D000751B4A /* Debug */,
				F48366262BA741D000751B4A /* Release */,
			);
			defaultConfigurationIsVisible = 0;
			defaultConfigurationName = Release;
		};
/* End XCConfigurationList section */

/* Begin XCRemoteSwiftPackageReference section */
		B695B1BC2BA8830700BE49CA /* XCRemoteSwiftPackageReference "SnapKit" */ = {
			isa = XCRemoteSwiftPackageReference;
			repositoryURL = "https://github.com/SnapKit/SnapKit.git";
			requirement = {
				kind = versionRange;
				maximumVersion = 6.0.0;
				minimumVersion = 5.0.0;
			};
		};
/* End XCRemoteSwiftPackageReference section */

/* Begin XCSwiftPackageProductDependency section */
		B695B1BD2BA8830700BE49CA /* SnapKit */ = {
			isa = XCSwiftPackageProductDependency;
			package = B695B1BC2BA8830700BE49CA /* XCRemoteSwiftPackageReference "SnapKit" */;
			productName = SnapKit;
		};
/* End XCSwiftPackageProductDependency section */
	};
	rootObject = F48366082BA741CE00751B4A /* Project object */;
}
